
Microsoft Visual Studio Solution File, Format Version 12.00
# Visual Studio 15
VisualStudioVersion = 15.0.27428.2011
MinimumVisualStudioVersion = 10.0.40219.1
Project("{FAE04EC0-301F-11D3-BF4B-00C04F79EFBC}") = "SubscriptionSendRecv", "SubscriptionSendRecv\SubscriptionSendRecv.csproj", "{765475E6-678B-40A4-8DB6-40872D8546E9}"
EndProject
Global
	GlobalSection(SolutionConfigurationPlatforms) = preSolution
		Debug|Any CPU = Debug|Any CPU
		Release|Any CPU = Release|Any CPU
	EndGlobalSection
	GlobalSection(ProjectConfigurationPlatforms) = postSolution
		{765475E6-678B-40A4-8DB6-40872D8546E9}.Debug|Any CPU.ActiveCfg = Debug|Any CPU
		{765475E6-678B-40A4-8DB6-40872D8546E9}.Debug|Any CPU.Build.0 = Debug|Any CPU
		{765475E6-678B-40A4-8DB6-40872D8546E9}.Release|Any CPU.ActiveCfg = Release|Any CPU
		{765475E6-678B-40A4-8DB6-40872D8546E9}.Release|Any CPU.Build.0 = Release|Any CPU
	EndGlobalSection
	GlobalSection(SolutionProperties) = preSolution
		HideSolutionNode = FALSE
	EndGlobalSection
	GlobalSection(ExtensibilityGlobals) = postSolution
		SolutionGuid = {B974CBE0-4B7A-4B85-952C-93AAC1B01B84}
	EndGlobalSection
EndGlobal
